
Microsoft Visual Studio Solution File, Format Version 12.00
# Visual Studio Version 17
VisualStudioVersion = 17.5.002.0
MinimumVisualStudioVersion = 10.0.40219.1
Project("{9A19103F-16F7-4668-BE54-9A1E7A4F7556}") = "NineSimulator", "NineSimulator/NineSimulator.csproj", "{0A747BC0-27E4-4A99-9327-8510015B4BDA}"
EndProject
Global
	GlobalSection(SolutionConfigurationPlatforms) = preSolution
		Debug|Any CPU = Debug|Any CPU
		Release|Any CPU = Release|Any CPU
	EndGlobalSection
	GlobalSection(ProjectConfigurationPlatforms) = postSolution
		{0A747BC0-27E4-4A99-9327-8510015B4BDA}.Debug|Any CPU.ActiveCfg = Debug|Any CPU
		{0A747BC0-27E4-4A99-9327-8510015B4BDA}.Debug|Any CPU.Build.0 = Debug|Any CPU
		{0A747BC0-27E4-4A99-9327-8510015B4BDA}.Release|Any CPU.ActiveCfg = Release|Any CPU
		{0A747BC0-27E4-4A99-9327-8510015B4BDA}.Release|Any CPU.Build.0 = Release|Any CPU
	EndGlobalSection
	GlobalSection(SolutionProperties) = preSolution
		HideSolutionNode = FALSE
	EndGlobalSection
	GlobalSection(ExtensibilityGlobals) = postSolution
		SolutionGuid = {A4A557F4-A1AF-4286-A6D6-016CE980F2B5}
	EndGlobalSection
EndGlobal
